{
    "_meta": {
        "hash": {
            "sha256": "48252f444d7e56739951ed27a096b54c0b6a93efdedbc0121566a7351a7e7566"
        },
        "pipfile-spec": 6,
        "requires": {
            "python_version": "3.11"
        },
        "sources": [
            {
                "name": "pypi",
                "url": "https://pypi.org/simple",
                "verify_ssl": true
            }
        ]
    },
    "default": {
        "colorama": {
            "hashes": [
                "sha256:08695f5cb7ed6e0531a20572697297273c47b8cae5a63ffc6d6ed5c201be6e44",
                "sha256:4f1d9991f5acc0ca119f9d443620b77f9d6b33703e51011c16baf57afb285fc6"
            ],
            "markers": "sys_platform == 'win32'",
            "version": "==0.4.6"
        },
        "gitdb": {
            "hashes": [
                "sha256:5ef71f855d191a3326fcfbc0d5da835f26b13fbcba60c32c21091c349ffdb571",
                "sha256:67073e15955400952c6565cc3e707c554a4eea2e428946f7a4c162fab9bd9bcf"
            ],
            "markers": "python_version >= '3.7'",
            "version": "==4.0.12"
        },
        "gitpython": {
            "hashes": [
                "sha256:9e0e10cda9bed1ee64bc9a6de50e7e38a9c9943241cd7f585f6df3ed28011110",
                "sha256:c87e30b26253bf5418b01b0660f818967f3c503193838337fe5e573331249269"
            ],
            "index": "pypi",
            "markers": "python_version >= '3.7'",
            "version": "==3.1.44"
        },
        "loguru": {
            "hashes": [
                "sha256:19480589e77d47b8d85b2c827ad95d49bf31b0dcde16593892eb51dd18706eb6",
                "sha256:31a33c10c8e1e10422bfd431aeb5d351c7cf7fa671e3c4df004162264b28220c"
            ],
            "index": "pypi",
            "markers": "python_version >= '3.5' and python_version < '4.0'",
            "version": "==0.7.3"
        },
        "pyaml": {
            "hashes": [
                "sha256:33a93ac49218f57e020b81e280d2706cea554ac5a76445ac79add760d019c709",
                "sha256:f7b40629d2dae88035657c860f539db3525ddd0120a11e0bcb44d47d5968b3bc"
            ],
            "index": "pypi",
            "markers": "python_version >= '3.8'",
            "version": "==25.1.0"
        },
        "python-slugify": {
            "hashes": [
                "sha256:276540b79961052b66b7d116620b36518847f52d5fd9e3a70164fc8c50faa6b8",
                "sha256:59202371d1d05b54a9e7720c5e038f928f45daaffe41dd10822f3907b937c856"
            ],
            "index": "pypi",
            "markers": "python_version >= '3.7'",
            "version": "==8.0.4"
        },
        "pyyaml": {
            "hashes": [
                "sha256:01179a4a8559ab5de078078f37e5c1a30d76bb88519906844fd7bdea1b7729ff",
                "sha256:0833f8694549e586547b576dcfaba4a6b55b9e96098b36cdc7ebefe667dfed48",
                "sha256:0a9a2848a5b7feac301353437eb7d5957887edbf81d56e903999a75a3d743086",
                "sha256:0b69e4ce7a131fe56b7e4d770c67429700908fc0752af059838b1cfb41960e4e",
                "sha256:0ffe8360bab4910ef1b9e87fb812d8bc0a308b0d0eef8c8f44e0254ab3b07133",
                "sha256:11d8f3dd2b9c1207dcaf2ee0bbbfd5991f571186ec9cc78427ba5bd32afae4b5",
                "sha256:17e311b6c678207928d649faa7cb0d7b4c26a0ba73d41e99c4fff6b6c3276484",
                "sha256:1e2120ef853f59c7419231f3bf4e7021f1b936f6ebd222406c3b60212205d2ee",
                "sha256:1f71ea527786de97d1a0cc0eacd1defc0985dcf6b3f17bb77dcfc8c34bec4dc5",
                "sha256:23502f431948090f597378482b4812b0caae32c22213aecf3b55325e049a6c68",
                "sha256:24471b829b3bf607e04e88d79542a9d48bb037c2267d7927a874e6c205ca7e9a",
                "sha256:29717114e51c84ddfba879543fb232a6ed60086602313ca38cce623c1d62cfbf",
                "sha256:2e99c6826ffa974fe6e27cdb5ed0021786b03fc98e5ee3c5bfe1fd5015f42b99",
                "sha256:39693e1f8320ae4f43943590b49779ffb98acb81f788220ea932a6b6c51004d8",
                "sha256:3ad2a3decf9aaba3d29c8f537ac4b243e36bef957511b4766cb0057d32b0be85",
                "sha256:3b1fdb9dc17f5a7677423d508ab4f243a726dea51fa5e70992e59a7411c89d19",
                "sha256:41e4e3953a79407c794916fa277a82531dd93aad34e29c2a514c2c0c5fe971cc",
                "sha256:43fa96a3ca0d6b1812e01ced1044a003533c47f6ee8aca31724f78e93ccc089a",
                "sha256:50187695423ffe49e2deacb8cd10510bc361faac997de9efef88badc3bb9e2d1",
                "sha256:5ac9328ec4831237bec75defaf839f7d4564be1e6b25ac710bd1a96321cc8317",
                "sha256:5d225db5a45f21e78dd9358e58a98702a0302f2659a3c6cd320564b75b86f47c",
                "sha256:6395c297d42274772abc367baaa79683958044e5d3835486c16da75d2a694631",
                "sha256:688ba32a1cffef67fd2e9398a2efebaea461578b0923624778664cc1c914db5d",
                "sha256:68ccc6023a3400877818152ad9a1033e3db8625d899c72eacb5a668902e4d652",
                "sha256:70b189594dbe54f75ab3a1acec5f1e3faa7e8cf2f1e08d9b561cb41b845f69d5",
                "sha256:797b4f722ffa07cc8d62053e4cff1486fa6dc094105d13fea7b1de7d8bf71c9e",
                "sha256:7c36280e6fb8385e520936c3cb3b8042851904eba0e58d277dca80a5cfed590b",
                "sha256:7e7401d0de89a9a855c839bc697c079a4af81cf878373abd7dc625847d25cbd8",
                "sha256:80bab7bfc629882493af4aa31a4cfa43a4c57c83813253626916b8c7ada83476",
                "sha256:82d09873e40955485746739bcb8b4586983670466c23382c19cffecbf1fd8706",
                "sha256:8388ee1976c416731879ac16da0aff3f63b286ffdd57cdeb95f3f2e085687563",
                "sha256:8824b5a04a04a047e72eea5cec3bc266db09e35de6bdfe34c9436ac5ee27d237",
                "sha256:8b9c7197f7cb2738065c481a0461e50ad02f18c78cd75775628afb4d7137fb3b",
                "sha256:9056c1ecd25795207ad294bcf39f2db3d845767be0ea6e6a34d856f006006083",
                "sha256:936d68689298c36b53b29f23c6dbb74de12b4ac12ca6cfe0e047bedceea56180",
                "sha256:9b22676e8097e9e22e36d6b7bda33190d0d400f345f23d4065d48f4ca7ae0425",
                "sha256:a4d3091415f010369ae4ed1fc6b79def9416358877534caf6a0fdd2146c87a3e",
                "sha256:a8786accb172bd8afb8be14490a16625cbc387036876ab6ba70912730faf8e1f",
                "sha256:a9f8c2e67970f13b16084e04f134610fd1d374bf477b17ec1599185cf611d725",
                "sha256:bc2fa7c6b47d6bc618dd7fb02ef6fdedb1090ec036abab80d4681424b84c1183",
                "sha256:c70c95198c015b85feafc136515252a261a84561b7b1d51e3384e0655ddf25ab",
                "sha256:cc1c1159b3d456576af7a3e4d1ba7e6924cb39de8f67111c735f6fc832082774",
                "sha256:ce826d6ef20b1bc864f0a68340c8b3287705cae2f8b4b1d932177dcc76721725",
                "sha256:d584d9ec91ad65861cc08d42e834324ef890a082e591037abe114850ff7bbc3e",
                "sha256:d7fded462629cfa4b685c5416b949ebad6cec74af5e2d42905d41e257e0869f5",
                "sha256:d84a1718ee396f54f3a086ea0a66d8e552b2ab2017ef8b420e92edbc841c352d",
                "sha256:d8e03406cac8513435335dbab54c0d385e4a49e4945d2909a581c83647ca0290",
                "sha256:e10ce637b18caea04431ce14fabcf5c64a1c61ec9c56b071a4b7ca131ca52d44",
                "sha256:ec031d5d2feb36d1d1a24380e4db6d43695f3748343d99434e6f5f9156aaa2ed",
                "sha256:ef6107725bd54b262d6dedcc2af448a266975032bc85ef0172c5f059da6325b4",
                "sha256:efdca5630322a10774e8e98e1af481aad470dd62c3170801852d752aa7a783ba",
                "sha256:f753120cb8181e736c57ef7636e83f31b9c0d1722c516f7e86cf15b7aa57ff12",
                "sha256:ff3824dc5261f50c9b0dfb3be22b4567a6f938ccce4587b38952d85fd9e9afe4"
            ],
            "markers": "python_version >= '3.8'",
            "version": "==6.0.2"
        },
        "smmap": {
            "hashes": [
                "sha256:26ea65a03958fa0c8a1c7e8c7a58fdc77221b8910f6be2131affade476898ad5",
                "sha256:b30115f0def7d7531d22a0fb6502488d879e75b260a9db4d0819cfb25403af5e"
            ],
            "markers": "python_version >= '3.7'",
            "version": "==5.0.2"
        },
        "text-unidecode": {
            "hashes": [
                "sha256:1311f10e8b895935241623731c2ba64f4c455287888b18189350b67134a822e8",
                "sha256:bad6603bb14d279193107714b288be206cac565dfa49aa5b105294dd5c4aab93"
            ],
            "version": "==1.3"
        },
        "win32-setctime": {
            "hashes": [
                "sha256:95d644c4e708aba81dc3704a116d8cbc974d70b3bdb8be1d150e36be6e9d1390",
                "sha256:ae1fdf948f5640aae05c511ade119313fb6a30d7eabe25fef9764dca5873c4c0"
            ],
            "markers": "sys_platform == 'win32'",
            "version": "==1.2.0"
        },
        "yt-dlp": {
            "hashes": [
                "sha256:3ed218eaeece55e9d715afd41abc450dc406ee63bf79355169dfde312d38fdb8",
                "sha256:f33ca76df2e4db31880f2fe408d44f5058d9f135015b13e50610dfbe78245bea"
            ],
            "index": "pypi",
            "markers": "python_version >= '3.9'",
            "version": "==2025.2.19"
        }
    },
    "develop": {
        "jedi": {
            "hashes": [
                "sha256:4770dc3de41bde3966b02eb84fbcf557fb33cce26ad23da12c742fb50ecb11f0",
                "sha256:a8ef22bde8490f57fe5c7681a3c83cb58874daf72b4784de3cce5b6ef6edb5b9"
            ],
            "markers": "python_version >= '3.6'",
            "version": "==0.19.2"
        },
        "mypy": {
            "hashes": [
                "sha256:1124a18bc11a6a62887e3e137f37f53fbae476dc36c185d549d4f837a2a6a14e",
                "sha256:171a9ca9a40cd1843abeca0e405bc1940cd9b305eaeea2dda769ba096932bb22",
                "sha256:1905f494bfd7d85a23a88c5d97840888a7bd516545fc5aaedff0267e0bb54e2f",
                "sha256:1fbb8da62dc352133d7d7ca90ed2fb0e9d42bb1a32724c287d3c76c58cbaa9c2",
                "sha256:2922d42e16d6de288022e5ca321cd0618b238cfc5570e0263e5ba0a77dbef56f",
                "sha256:2e2c2e6d3593f6451b18588848e66260ff62ccca522dd231cd4dd59b0160668b",
                "sha256:2ee2d57e01a7c35de00f4634ba1bbf015185b219e4dc5909e281016df43f5ee5",
                "sha256:2f2147ab812b75e5b5499b01ade1f4a81489a147c01585cda36019102538615f",
                "sha256:404534629d51d3efea5c800ee7c42b72a6554d6c400e6a79eafe15d11341fd43",
                "sha256:5469affef548bd1895d86d3bf10ce2b44e33d86923c29e4d675b3e323437ea3e",
                "sha256:5a95fb17c13e29d2d5195869262f8125dfdb5c134dc8d9a9d0aecf7525b10c2c",
                "sha256:6983aae8b2f653e098edb77f893f7b6aca69f6cffb19b2cc7443f23cce5f4828",
                "sha256:712e962a6357634fef20412699a3655c610110e01cdaa6180acec7fc9f8513ba",
                "sha256:8023ff13985661b50a5928fc7a5ca15f3d1affb41e5f0a9952cb68ef090b31ee",
                "sha256:811aeccadfb730024c5d3e326b2fbe9249bb7413553f15499a4050f7c30e801d",
                "sha256:8f8722560a14cde92fdb1e31597760dc35f9f5524cce17836c0d22841830fd5b",
                "sha256:93faf3fdb04768d44bf28693293f3904bbb555d076b781ad2530214ee53e3445",
                "sha256:973500e0774b85d9689715feeffcc980193086551110fd678ebe1f4342fb7c5e",
                "sha256:979e4e1a006511dacf628e36fadfecbcc0160a8af6ca7dad2f5025529e082c13",
                "sha256:98b7b9b9aedb65fe628c62a6dc57f6d5088ef2dfca37903a7d9ee374d03acca5",
                "sha256:aea39e0583d05124836ea645f412e88a5c7d0fd77a6d694b60d9b6b2d9f184fd",
                "sha256:b9378e2c00146c44793c98b8d5a61039a048e31f429fb0eb546d93f4b000bedf",
                "sha256:baefc32840a9f00babd83251560e0ae1573e2f9d1b067719479bfb0e987c6357",
                "sha256:be68172e9fd9ad8fb876c6389f16d1c1b5f100ffa779f77b1fb2176fcc9ab95b",
                "sha256:c43a7682e24b4f576d93072216bf56eeff70d9140241f9edec0c104d0c515036",
                "sha256:c4bb0e1bd29f7d34efcccd71cf733580191e9a264a2202b0239da95984c5b559",
                "sha256:c7be1e46525adfa0d97681432ee9fcd61a3964c2446795714699a998d193f1a3",
                "sha256:c9817fa23833ff189db061e6d2eff49b2f3b6ed9856b4a0a73046e41932d744f",
                "sha256:ce436f4c6d218a070048ed6a44c0bbb10cd2cc5e272b29e7845f6a2f57ee4464",
                "sha256:d10d994b41fb3497719bbf866f227b3489048ea4bbbb5015357db306249f7980",
                "sha256:e601a7fa172c2131bff456bb3ee08a88360760d0d2f8cbd7a75a65497e2df078",
                "sha256:f95579473af29ab73a10bada2f9722856792a36ec5af5399b653aa28360290a5"
            ],
            "index": "pypi",
            "markers": "python_version >= '3.9'",
            "version": "==1.15.0"
        },
        "mypy-extensions": {
            "hashes": [
                "sha256:4392f6c0eb8a5668a69e23d168ffa70f0be9ccfd32b5cc2d26a34ae5b844552d",
                "sha256:75dbf8955dc00442a438fc4d0666508a9a97b6bd41aa2f0ffe9d2f2725af0782"
            ],
            "markers": "python_version >= '3.5'",
            "version": "==1.0.0"
        },
        "packaging": {
            "hashes": [
                "sha256:09abb1bccd265c01f4a3aa3f7a7db064b36514d2cba19a2f694fe6150451a759",
                "sha256:c228a6dc5e932d346bc5739379109d49e8853dd8223571c7c5b55260edc0b97f"
            ],
            "markers": "python_version >= '3.8'",
            "version": "==24.2"
        },
        "parso": {
            "hashes": [
                "sha256:a418670a20291dacd2dddc80c377c5c3791378ee1e8d12bffc35420643d43f18",
                "sha256:eb3a7b58240fb99099a345571deecc0f9540ea5f4dd2fe14c2a99d6b281ab92d"
            ],
            "markers": "python_version >= '3.6'",
            "version": "==0.8.4"
        },
        "platformdirs": {
            "hashes": [
                "sha256:357fb2acbc885b0419afd3ce3ed34564c13c9b95c89360cd9563f73aa5e2b907",
                "sha256:73e575e1408ab8103900836b97580d5307456908a03e92031bab39e4554cc3fb"
            ],
            "markers": "python_version >= '3.8'",
            "version": "==4.3.6"
        },
        "pudb": {
            "hashes": [
                "sha256:264f239e0538e52e83d3d020143100b3171cae17227674bb1b9f8b075f34849c",
                "sha256:b1c64447fcee5848d0376231672b97ca8580ca6d3297c82cba6b0ba5bd5ee640"
            ],
            "index": "pypi",
            "markers": "python_version ~= '3.8'",
            "version": "==2024.1.3"
        },
        "pygments": {
            "hashes": [
                "sha256:61c16d2a8576dc0649d9f39e089b5f02bcd27fba10d8fb4dcc28173f7a45151f",
                "sha256:9ea1544ad55cecf4b8242fab6dd35a93bbce657034b0611ee383099054ab6d8c"
            ],
            "markers": "python_version >= '3.8'",
            "version": "==2.19.1"
        },
        "typing-extensions": {
            "hashes": [
                "sha256:04e5ca0351e0f3f85c6853954072df659d0d13fac324d0072316b67d7794700d",
                "sha256:1a7ead55c7e559dd4dee8856e3a88b41225abfe1ce8df57b7c13915fe121ffb8"
            ],
            "markers": "python_version >= '3.8'",
            "version": "==4.12.2"
        },
        "urwid": {
            "hashes": [
                "sha256:93ad239939e44c385e64aa00027878b9e5c486d59e855ec8ab5b1e1adcdb32a2",
                "sha256:de14896c6df9eb759ed1fd93e0384a5279e51e0dde8f621e4083f7a8368c0797"
            ],
            "markers": "python_version >= '3.8'",
            "version": "==2.6.16"
        },
        "urwid-readline": {
            "hashes": [
                "sha256:9301444b86d58f7d26388506b704f142cefd193888488b4070d3a0fdfcfc0f84"
            ],
            "version": "==0.15.1"
        },
        "wcwidth": {
            "hashes": [
                "sha256:3da69048e4540d84af32131829ff948f1e022c1c6bdb8d6102117aac784f6859",
                "sha256:72ea0c06399eb286d978fdedb6923a9eb47e1c486ce63e9b4e64fc18303972b5"
            ],
            "version": "==0.2.13"
        },
        "yapf": {
            "hashes": [
                "sha256:00d3aa24bfedff9420b2e0d5d9f5ab6d9d4268e72afbf59bb3fa542781d5218e",
                "sha256:224faffbc39c428cb095818cf6ef5511fdab6f7430a10783fdfb292ccf2852ca"
            ],
            "index": "pypi",
            "markers": "python_version >= '3.7'",
            "version": "==0.43.0"
        }
    }
}
